// !$*UTF8*$!
{
	archiveVersion = 1;
	classes = {
	};
	objectVersion = 46;
	objects = {

/* Begin PBXBuildFile section */
		DE3CF5521DADD3A1006E917D /* main.m in Sources */ = {isa = PBXBuildFile; fileRef = DE3CF5511DADD3A1006E917D /* main.m */; };
		DE3CF5551DADD3A1006E917D /* AppDelegate.m in Sources */ = {isa = PBXBuildFile; fileRef = DE3CF5541DADD3A1006E917D /* AppDelegate.m */; };
		DE3CF5581DADD3A1006E917D /* ViewController.m in Sources */ = {isa = PBXBuildFile; fileRef = DE3CF5571DADD3A1006E917D /* ViewController.m */; };
		DE3CF55B1DADD3A1006E917D /* Main.storyboard in Resources */ = {isa = PBXBuildFile; fileRef = DE3CF5591DADD3A1006E917D /* Main.storyboard */; };
		DE3CF55D1DADD3A1006E917D /* Assets.xcassets in Resources */ = {isa = PBXBuildFile; fileRef = DE3CF55C1DADD3A1006E917D /* Assets.xcassets */; };
		DE3CF5601DADD3A1006E917D /* LaunchScreen.storyboard in Resources */ = {isa = PBXBuildFile; fileRef = DE3CF55E1DADD3A1006E917D /* LaunchScreen.storyboard */; };
		DE3CF5691DADD8D4006E917D /* TaskPool.m in Sources */ = {isa = PBXBuildFile; fileRef = DE3CF5681DADD8D4006E917D /* TaskPool.m */; };
		DE3CF56C1DADDCD1006E917D /* NetworkResponse.m in Sources */ = {isa = PBXBuildFile; fileRef = DE3CF56B1DADDCD1006E917D /* NetworkResponse.m */; };
		DE3CF56F1DAE1085006E917D /* MDSModel.m in Sources */ = {isa = PBXBuildFile; fileRef = DE3CF56E1DAE1085006E917D /* MDSModel.m */; };
		DE3CF5721DAE1111006E917D /* User.m in Sources */ = {isa = PBXBuildFile; fileRef = DE3CF5711DAE1111006E917D /* User.m */; };
/* End PBXBuildFile section */

/* Begin PBXFileReference section */
		DE3CF54D1DADD3A1006E917D /* Mongo.app */ = {isa = PBXFileReference; explicitFileType = wrapper.application; includeInIndex = 0; path = Mongo.app; sourceTree = BUILT_PRODUCTS_DIR; };
		DE3CF5511DADD3A1006E917D /* main.m */ = {isa = PBXFileReference; lastKnownFileType = sourcecode.c.objc; path = main.m; sourceTree = "<group>"; };
		DE3CF5531DADD3A1006E917D /* AppDelegate.h */ = {isa = PBXFileReference; lastKnownFileType = sourcecode.c.h; path = AppDelegate.h; sourceTree = "<group>"; };
		DE3CF5541DADD3A1006E917D /* AppDelegate.m */ = {isa = PBXFileReference; lastKnownFileType = sourcecode.c.objc; path = AppDelegate.m; sourceTree = "<group>"; };
		DE3CF5561DADD3A1006E917D /* ViewController.h */ = {isa = PBXFileReference; lastKnownFileType = sourcecode.c.h; path = ViewController.h; sourceTree = "<group>"; };
		DE3CF5571DADD3A1006E917D /* ViewController.m */ = {isa = PBXFileReference; lastKnownFileType = sourcecode.c.objc; path = ViewController.m; sourceTree = "<group>"; };
		DE3CF55A1DADD3A1006E917D /* Base */ = {isa = PBXFileReference; lastKnownFileType = file.storyboard; name = Base; path = Base.lproj/Main.storyboard; sourceTree = "<group>"; };
		DE3CF55C1DADD3A1006E917D /* Assets.xcassets */ = {isa = PBXFileReference; lastKnownFileType = folder.assetcatalog; path = Assets.xcassets; sourceTree = "<group>"; };
		DE3CF55F1DADD3A1006E917D /* Base */ = {isa = PBXFileReference; lastKnownFileType = file.storyboard; name = Base; path = Base.lproj/LaunchScreen.storyboard; sourceTree = "<group>"; };
		DE3CF5611DADD3A1006E917D /* Info.plist */ = {isa = PBXFileReference; lastKnownFileType = text.plist.xml; path = Info.plist; sourceTree = "<group>"; };
		DE3CF5671DADD8D4006E917D /* TaskPool.h */ = {isa = PBXFileReference; fileEncoding = 4; lastKnownFileType = sourcecode.c.h; path = TaskPool.h; sourceTree = "<group>"; };
		DE3CF5681DADD8D4006E917D /* TaskPool.m */ = {isa = PBXFileReference; fileEncoding = 4; lastKnownFileType = sourcecode.c.objc; path = TaskPool.m; sourceTree = "<group>"; };
		DE3CF56A1DADDCD1006E917D /* NetworkResponse.h */ = {isa = PBXFileReference; fileEncoding = 4; lastKnownFileType = sourcecode.c.h; path = NetworkResponse.h; sourceTree = "<group>"; };
		DE3CF56B1DADDCD1006E917D /* NetworkResponse.m */ = {isa = PBXFileReference; fileEncoding = 4; lastKnownFileType = sourcecode.c.objc; path = NetworkResponse.m; sourceTree = "<group>"; };
		DE3CF56D1DAE1085006E917D /* MDSModel.h */ = {isa = PBXFileReference; fileEncoding = 4; lastKnownFileType = sourcecode.c.h; path = MDSModel.h; sourceTree = "<group>"; };
		DE3CF56E1DAE1085006E917D /* MDSModel.m */ = {isa = PBXFileReference; fileEncoding = 4; lastKnownFileType = sourcecode.c.objc; path = MDSModel.m; sourceTree = "<group>"; };
		DE3CF5701DAE1111006E917D /* User.h */ = {isa = PBXFileReference; fileEncoding = 4; lastKnownFileType = sourcecode.c.h; path = User.h; sourceTree = "<group>"; };
		DE3CF5711DAE1111006E917D /* User.m */ = {isa = PBXFileReference; fileEncoding = 4; lastKnownFileType = sourcecode.c.objc; path = User.m; sourceTree = "<group>"; };
/* End PBXFileReference section */

/* Begin PBXFrameworksBuildPhase section */
		DE3CF54A1DADD3A1006E917D /* Frameworks */ = {
			isa = PBXFrameworksBuildPhase;
			buildActionMask = 2147483647;
			files = (
			);
			runOnlyForDeploymentPostprocessing = 0;
		};
/* End PBXFrameworksBuildPhase section */

/* Begin PBXGroup section */
		DE3CF5441DADD3A1006E917D = {
			isa = PBXGroup;
			children = (
				DE3CF54F1DADD3A1006E917D /* Mongo */,
				DE3CF54E1DADD3A1006E917D /* Products */,
			);
			sourceTree = "<group>";
		};
		DE3CF54E1DADD3A1006E917D /* Products */ = {
			isa = PBXGroup;
			children = (
				DE3CF54D1DADD3A1006E917D /* Mongo.app */,
			);
			name = Products;
			sourceTree = "<group>";
		};
		DE3CF54F1DADD3A1006E917D /* Mongo */ = {
			isa = PBXGroup;
			children = (
				DE3CF56D1DAE1085006E917D /* MDSModel.h */,
				DE3CF56E1DAE1085006E917D /* MDSModel.m */,
				DE3CF5531DADD3A1006E917D /* AppDelegate.h */,
				DE3CF5541DADD3A1006E917D /* AppDelegate.m */,
				DE3CF5561DADD3A1006E917D /* ViewController.h */,
				DE3CF5571DADD3A1006E917D /* ViewController.m */,
				DE3CF5591DADD3A1006E917D /* Main.storyboard */,
				DE3CF55C1DADD3A1006E917D /* Assets.xcassets */,
				DE3CF55E1DADD3A1006E917D /* LaunchScreen.storyboard */,
				DE3CF5611DADD3A1006E917D /* Info.plist */,
				DE3CF5501DADD3A1006E917D /* Supporting Files */,
				DE3CF5671DADD8D4006E917D /* TaskPool.h */,
				DE3CF5681DADD8D4006E917D /* TaskPool.m */,
				DE3CF56A1DADDCD1006E917D /* NetworkResponse.h */,
				DE3CF56B1DADDCD1006E917D /* NetworkResponse.m */,
				DE3CF5701DAE1111006E917D /* User.h */,
				DE3CF5711DAE1111006E917D /* User.m */,
			);
			path = Mongo;
			sourceTree = "<group>";
		};
		DE3CF5501DADD3A1006E917D /* Supporting Files */ = {
			isa = PBXGroup;
			children = (
				DE3CF5511DADD3A1006E917D /* main.m */,
			);
			name = "Supporting Files";
			sourceTree = "<group>";
		};
/* End PBXGroup section */

/* Begin PBXNativeTarget section */
		DE3CF54C1DADD3A1006E917D /* Mongo */ = {
			isa = PBXNativeTarget;
			buildConfigurationList = DE3CF5641DADD3A1006E917D /* Build configuration list for PBXNativeTarget "Mongo" */;
			buildPhases = (
				DE3CF5491DADD3A1006E917D /* Sources */,
				DE3CF54A1DADD3A1006E917D /* Frameworks */,
				DE3CF54B1DADD3A1006E917D /* Resources */,
			);
			buildRules = (
			);
			dependencies = (
			);
			name = Mongo;
			productName = Mongo;
			productReference = DE3CF54D1DADD3A1006E917D /* Mongo.app */;
			productType = "com.apple.product-type.application";
		};
/* End PBXNativeTarget section */

/* Begin PBXProject section */
		DE3CF5451DADD3A1006E917D /* Project object */ = {
			isa = PBXProject;
			attributes = {
				LastUpgradeCheck = 0800;
				ORGANIZATIONNAME = kyson;
				TargetAttributes = {
					DE3CF54C1DADD3A1006E917D = {
						CreatedOnToolsVersion = 8.0;
						ProvisioningStyle = Automatic;
					};
				};
			};
			buildConfigurationList = DE3CF5481DADD3A1006E917D /* Build configuration list for PBXProject "Mongo" */;
			compatibilityVersion = "Xcode 3.2";
			developmentRegion = English;
			hasScannedForEncodings = 0;
			knownRegions = (
				en,
				Base,
			);
			mainGroup = DE3CF5441DADD3A1006E917D;
			productRefGroup = DE3CF54E1DADD3A1006E917D /* Products */;
			projectDirPath = "";
			projectRoot = "";
			targets = (
				DE3CF54C1DADD3A1006E917D /* Mongo */,
			);
		};
/* End PBXProject section */

/* Begin PBXResourcesBuildPhase section */
		DE3CF54B1DADD3A1006E917D /* Resources */ = {
			isa = PBXResourcesBuildPhase;
			buildActionMask = 2147483647;
			files = (
				DE3CF5601DADD3A1006E917D /* LaunchScreen.storyboard in Resources */,
				DE3CF55D1DADD3A1006E917D /* Assets.xcassets in Resources */,
				DE3CF55B1DADD3A1006E917D /* Main.storyboard in Resources */,
			);
			runOnlyForDeploymentPostprocessing = 0;
		};
/* End PBXResourcesBuildPhase section */

/* Begin PBXSourcesBuildPhase section */
		DE3CF5491DADD3A1006E917D /* Sources */ = {
			isa = PBXSourcesBuildPhase;
			buildActionMask = 2147483647;
			files = (
				DE3CF56F1DAE1085006E917D /* MDSModel.m in Sources */,
				DE3CF5721DAE1111006E917D /* User.m in Sources */,
				DE3CF5581DADD3A1006E917D /* ViewController.m in Sources */,
				DE3CF5551DADD3A1006E917D /* AppDelegate.m in Sources */,
				DE3CF56C1DADDCD1006E917D /* NetworkResponse.m in Sources */,
				DE3CF5691DADD8D4006E917D /* TaskPool.m in Sources */,
				DE3CF5521DADD3A1006E917D /* main.m in Sources */,
			);
			runOnlyForDeploymentPostprocessing = 0;
		};
/* End PBXSourcesBuildPhase section */

/* Begin PBXVariantGroup section */
		DE3CF5591DADD3A1006E917D /* Main.storyboard */ = {
			isa = PBXVariantGroup;
			children = (
				DE3CF55A1DADD3A1006E917D /* Base */,
			);
			name = Main.storyboard;
			sourceTree = "<group>";
		};
		DE3CF55E1DADD3A1006E917D /* LaunchScreen.storyboard */ = {
			isa = PBXVariantGroup;
			children = (
				DE3CF55F1DADD3A1006E917D /* Base */,
			);
			name = LaunchScreen.storyboard;
			sourceTree = "<group>";
		};
/* End PBXVariantGroup section */

/* Begin XCBuildConfiguration section */
		DE3CF5621DADD3A1006E917D /* Debug */ = {
			isa = XCBuildConfiguration;
			buildSettings = {
				ALWAYS_SEARCH_USER_PATHS = NO;
				CLANG_ANALYZER_NONNULL = YES;
				CLANG_CXX_LANGUAGE_STANDARD = "gnu++0x";
				CLANG_CXX_LIBRARY = "libc++";
				CLANG_ENABLE_MODULES = YES;
				CLANG_ENABLE_OBJC_ARC = YES;
				CLANG_WARN_BOOL_CONVERSION = YES;
				CLANG_WARN_CONSTANT_CONVERSION = YES;
				CLANG_WARN_DIRECT_OBJC_ISA_USAGE = YES_ERROR;
				CLANG_WARN_DOCUMENTATION_COMMENTS = YES;
				CLANG_WARN_EMPTY_BODY = YES;
				CLANG_WARN_ENUM_CONVERSION = YES;
				CLANG_WARN_INFINITE_RECURSION = YES;
				CLANG_WARN_INT_CONVERSION = YES;
				CLANG_WARN_OBJC_ROOT_CLASS = YES_ERROR;
				CLANG_WARN_SUSPICIOUS_MOVES = YES;
				CLANG_WARN_UNREACHABLE_CODE = YES;
				CLANG_WARN__DUPLICATE_METHOD_MATCH = YES;
				"CODE_SIGN_IDENTITY[sdk=iphoneos*]" = "iPhone Developer";
				COPY_PHASE_STRIP = NO;
				DEBUG_INFORMATION_FORMAT = dwarf;
				ENABLE_STRICT_OBJC_MSGSEND = YES;
				ENABLE_TESTABILITY = YES;
				GCC_C_LANGUAGE_STANDARD = gnu99;
				GCC_DYNAMIC_NO_PIC = NO;
				GCC_NO_COMMON_BLOCKS = YES;
				GCC_OPTIMIZATION_LEVEL = 0;
				GCC_PREPROCESSOR_DEFINITIONS = (
					"DEBUG=1",
					"$(inherited)",
				);
				GCC_WARN_64_TO_32_BIT_CONVERSION = YES;
				GCC_WARN_ABOUT_RETURN_TYPE = YES_ERROR;
				GCC_WARN_UNDECLARED_SELECTOR = YES;
				GCC_WARN_UNINITIALIZED_AUTOS = YES_AGGRESSIVE;
				GCC_WARN_UNUSED_FUNCTION = YES;
				GCC_WARN_UNUSED_VARIABLE = YES;
				IPHONEOS_DEPLOYMENT_TARGET = 10.0;
				MTL_ENABLE_DEBUG_INFO = YES;
				ONLY_ACTIVE_ARCH = YES;
				SDKROOT = iphoneos;
			};
			name = Debug;
		};
		DE3CF5631DADD3A1006E917D /* Release */ = {
			isa = XCBuildConfiguration;
			buildSettings = {
				ALWAYS_SEARCH_USER_PATHS = NO;
				CLANG_ANALYZER_NONNULL = YES;
				CLANG_CXX_LANGUAGE_STANDARD = "gnu++0x";
				CLANG_CXX_LIBRARY = "libc++";
				CLANG_ENABLE_MODULES = YES;
				CLANG_ENABLE_OBJC_ARC = YES;
				CLANG_WARN_BOOL_CONVERSION = YES;
				CLANG_WARN_CONSTANT_CONVERSION = YES;
				CLANG_WARN_DIRECT_OBJC_ISA_USAGE = YES_ERROR;
				CLANG_WARN_DOCUMENTATION_COMMENTS = YES;
				CLANG_WARN_EMPTY_BODY = YES;
				CLANG_WARN_ENUM_CONVERSION = YES;
				CLANG_WARN_INFINITE_RECURSION = YES;
				CLANG_WARN_INT_CONVERSION = YES;
				CLANG_WARN_OBJC_ROOT_CLASS = YES_ERROR;
				CLANG_WARN_SUSPICIOUS_MOVES = YES;
				CLANG_WARN_UNREACHABLE_CODE = YES;
				CLANG_WARN__DUPLICATE_METHOD_MATCH = YES;
				"CODE_SIGN_IDENTITY[sdk=iphoneos*]" = "iPhone Developer";
				COPY_PHASE_STRIP = NO;
				DEBUG_INFORMATION_FORMAT = "dwarf-with-dsym";
				ENABLE_NS_ASSERTIONS = NO;
				ENABLE_STRICT_OBJC_MSGSEND = YES;
				GCC_C_LANGUAGE_STANDARD = gnu99;
				GCC_NO_COMMON_BLOCKS = YES;
				GCC_WARN_64_TO_32_BIT_CONVERSION = YES;
				GCC_WARN_ABOUT_RETURN_TYPE = YES_ERROR;
				GCC_WARN_UNDECLARED_SELECTOR = YES;
				GCC_WARN_UNINITIALIZED_AUTOS = YES_AGGRESSIVE;
				GCC_WARN_UNUSED_FUNCTION = YES;
				GCC_WARN_UNUSED_VARIABLE = YES;
				IPHONEOS_DEPLOYMENT_TARGET = 10.0;
				MTL_ENABLE_DEBUG_INFO = NO;
				SDKROOT = iphoneos;
				VALIDATE_PRODUCT = YES;
			};
			name = Release;
		};
		DE3CF5651DADD3A1006E917D /* Debug */ = {
			isa = XCBuildConfiguration;
			buildSettings = {
				ASSETCATALOG_COMPILER_APPICON_NAME = AppIcon;
				INFOPLIST_FILE = Mongo/Info.plist;
				LD_RUNPATH_SEARCH_PATHS = "$(inherited) @executable_path/Frameworks";
				PRODUCT_BUNDLE_IDENTIFIER = com.chenpu.Mongo;
				PRODUCT_NAME = "$(TARGET_NAME)";
			};
			name = Debug;
		};
		DE3CF5661DADD3A1006E917D /* Release */ = {
			isa = XCBuildConfiguration;
			buildSettings = {
				ASSETCATALOG_COMPILER_APPICON_NAME = AppIcon;
				INFOPLIST_FILE = Mongo/Info.plist;
				LD_RUNPATH_SEARCH_PATHS = "$(inherited) @executable_path/Frameworks";
				PRODUCT_BUNDLE_IDENTIFIER = com.chenpu.Mongo;
				PRODUCT_NAME = "$(TARGET_NAME)";
			};
			name = Release;
		};
/* End XCBuildConfiguration section */

/* Begin XCConfigurationList section */
		DE3CF5481DADD3A1006E917D /* Build configuration list for PBXProject "Mongo" */ = {
			isa = XCConfigurationList;
			buildConfigurations = (
				DE3CF5621DADD3A1006E917D /* Debug */,
				DE3CF5631DADD3A1006E917D /* Release */,
			);
			defaultConfigurationIsVisible = 0;
			defaultConfigurationName = Release;
		};
		DE3CF5641DADD3A1006E917D /* Build configuration list for PBXNativeTarget "Mongo" */ = {
			isa = XCConfigurationList;
			buildConfigurations = (
				DE3CF5651DADD3A1006E917D /* Debug */,
				DE3CF5661DADD3A1006E917D /* Release */,
			);
			defaultConfigurationIsVisible = 0;
		};
/* End XCConfigurationList section */
	};
	rootObject = DE3CF5451DADD3A1006E917D /* Project object */;
}
